
Microsoft Visual Studio Solution File, Format Version 12.00
# Visual Studio Version 16
VisualStudioVersion = 16.0.33529.622
MinimumVisualStudioVersion = 10.0.40219.1
Project("{FAE04EC0-301F-11D3-BF4B-00C04F79EFBC}") = "CatagoryTireLayer", "CatagoryTireLayer\CatagoryTireLayer.csproj", "{868627FB-AB24-4223-AE8A-8CE10013967C}"
EndProject
Project("{FAE04EC0-301F-11D3-BF4B-00C04F79EFBC}") = "CatagoryBusinessLL", "CatagoryBusinessLL\CatagoryBusinessLL.csproj", "{CE3F33DB-4096-4E48-9C13-423159EC1963}"
EndProject
Project("{FAE04EC0-301F-11D3-BF4B-00C04F79EFBC}") = "CatagoryDataAL", "CatagoryDataAL\CatagoryDataAL.csproj", "{62299AA3-67F4-48C8-9707-FF5EEC8D30DE}"
EndProject
Global
	GlobalSection(SolutionConfigurationPlatforms) = preSolution
		Debug|Any CPU = Debug|Any CPU
		Release|Any CPU = Release|Any CPU
	EndGlobalSection
	GlobalSection(ProjectConfigurationPlatforms) = postSolution
		{868627FB-AB24-4223-AE8A-8CE10013967C}.Debug|Any CPU.ActiveCfg = Debug|Any CPU
		{868627FB-AB24-4223-AE8A-8CE10013967C}.Debug|Any CPU.Build.0 = Debug|Any CPU
		{868627FB-AB24-4223-AE8A-8CE10013967C}.Release|Any CPU.ActiveCfg = Release|Any CPU
		{868627FB-AB24-4223-AE8A-8CE10013967C}.Release|Any CPU.Build.0 = Release|Any CPU
		{CE3F33DB-4096-4E48-9C13-423159EC1963}.Debug|Any CPU.ActiveCfg = Debug|Any CPU
		{CE3F33DB-4096-4E48-9C13-423159EC1963}.Debug|Any CPU.Build.0 = Debug|Any CPU
		{CE3F33DB-4096-4E48-9C13-423159EC1963}.Release|Any CPU.ActiveCfg = Release|Any CPU
		{CE3F33DB-4096-4E48-9C13-423159EC1963}.Release|Any CPU.Build.0 = Release|Any CPU
		{62299AA3-67F4-48C8-9707-FF5EEC8D30DE}.Debug|Any CPU.ActiveCfg = Debug|Any CPU
		{62299AA3-67F4-48C8-9707-FF5EEC8D30DE}.Debug|Any CPU.Build.0 = Debug|Any CPU
		{62299AA3-67F4-48C8-9707-FF5EEC8D30DE}.Release|Any CPU.ActiveCfg = Release|Any CPU
		{62299AA3-67F4-48C8-9707-FF5EEC8D30DE}.Release|Any CPU.Build.0 = Release|Any CPU
	EndGlobalSection
	GlobalSection(SolutionProperties) = preSolution
		HideSolutionNode = FALSE
	EndGlobalSection
	GlobalSection(ExtensibilityGlobals) = postSolution
		SolutionGuid = {87741688-6D06-48BD-839F-7B5631DA204A}
	EndGlobalSection
EndGlobal
